
Microsoft Visual Studio Solution File, Format Version 12.00
# Visual Studio Version 17
VisualStudioVersion = 17.0.31903.59
MinimumVisualStudioVersion = 10.0.40219.1
Project("{FAE04EC0-301F-11D3-BF4B-00C04F79EFBC}") = "DemoLibrary", "demoLibrary\DemoLibrary.csproj", "{0CD93F45-6384-43BD-A96C-876B06D654D7}"
EndProject
Project("{FAE04EC0-301F-11D3-BF4B-00C04F79EFBC}") = "ConsoleUI", "consoleUI\ConsoleUI.csproj", "{0BEE5C49-BAA7-4932-8067-29BBDD77B92E}"
EndProject
Global
	GlobalSection(SolutionConfigurationPlatforms) = preSolution
		Debug|Any CPU = Debug|Any CPU
		Release|Any CPU = Release|Any CPU
	EndGlobalSection
	GlobalSection(SolutionProperties) = preSolution
		HideSolutionNode = FALSE
	EndGlobalSection
	GlobalSection(ProjectConfigurationPlatforms) = postSolution
		{0CD93F45-6384-43BD-A96C-876B06D654D7}.Debug|Any CPU.ActiveCfg = Debug|Any CPU
		{0CD93F45-6384-43BD-A96C-876B06D654D7}.Debug|Any CPU.Build.0 = Debug|Any CPU
		{0CD93F45-6384-43BD-A96C-876B06D654D7}.Release|Any CPU.ActiveCfg = Release|Any CPU
		{0CD93F45-6384-43BD-A96C-876B06D654D7}.Release|Any CPU.Build.0 = Release|Any CPU
		{0BEE5C49-BAA7-4932-8067-29BBDD77B92E}.Debug|Any CPU.ActiveCfg = Debug|Any CPU
		{0BEE5C49-BAA7-4932-8067-29BBDD77B92E}.Debug|Any CPU.Build.0 = Debug|Any CPU
		{0BEE5C49-BAA7-4932-8067-29BBDD77B92E}.Release|Any CPU.ActiveCfg = Release|Any CPU
		{0BEE5C49-BAA7-4932-8067-29BBDD77B92E}.Release|Any CPU.Build.0 = Release|Any CPU
	EndGlobalSection
EndGlobal
